# This file is automatically @generated by Cargo.
# It is not intended for manual editing.
version = 4

[[package]]
name = "bitflags"
version = "2.6.0"
source = "registry+https://github.com/rust-lang/crates.io-index"
checksum = "b048fb63fd8b5923fc5aa7b340d8e156aec7ec02f0c78fa8a6ddc2613f6f71de"

[[package]]
name = "higher-kinded-types"
version = "0.1.1"
source = "registry+https://github.com/rust-lang/crates.io-index"
checksum = "561985554c8b8d4808605c90a5f1979cc6c31a5d20b78465cd59501233c6678e"
dependencies = [
 "never-say-never",
]

[[package]]
name = "never-say-never"
version = "6.6.666"
source = "registry+https://github.com/rust-lang/crates.io-index"
checksum = "cf5a574dadd7941adeaa71823ecba5e28331b8313fb2e1c6a5c7e5981ea53ad6"

[[package]]
name = "polonius-the-crab"
version = "0.4.2"
source = "registry+https://github.com/rust-lang/crates.io-index"
checksum = "e97ca2c89572ae41bbec1c99498251f87dd5a94e500c5ec19c382dd593dd5ce9"
dependencies = [
 "higher-kinded-types",
 "never-say-never",
]

[[package]]
name = "rabbitizer"
version = "2.0.0-dev0"
source = "git+https://github.com/Decompollaborate/rabbitizer.git?branch=%F0%9F%A6%80#0a2d91aaa149a905282eeff38a4ac7357cc26e33"
dependencies = [
 "bitflags",
]

[[package]]
name = "spimdisasm"
version = "2.0.0-dev0"
dependencies = [
 "polonius-the-crab",
 "rabbitizer",
]
